
Microsoft Visual Studio Solution File, Format Version 12.00
# Visual Studio Version 16
VisualStudioVersion = 16.0.29020.237
MinimumVisualStudioVersion = 10.0.40219.1
Project("{FAE04EC0-301F-11D3-BF4B-00C04F79EFBC}") = "Beep", "Beep.csproj", "{15230274-3F9A-48DA-8DE4-DBBE14CBF827}"
EndProject
Global
	GlobalSection(SolutionConfigurationPlatforms) = preSolution
		Debug|Any CPU = Debug|Any CPU
		Release|Any CPU = Release|Any CPU
	EndGlobalSection
	GlobalSection(ProjectConfigurationPlatforms) = postSolution
		{15230274-3F9A-48DA-8DE4-DBBE14CBF827}.Debug|Any CPU.ActiveCfg = Debug|Any CPU
		{15230274-3F9A-48DA-8DE4-DBBE14CBF827}.Debug|Any CPU.Build.0 = Debug|Any CPU
		{15230274-3F9A-48DA-8DE4-DBBE14CBF827}.Release|Any CPU.ActiveCfg = Release|Any CPU
		{15230274-3F9A-48DA-8DE4-DBBE14CBF827}.Release|Any CPU.Build.0 = Release|Any CPU
	EndGlobalSection
	GlobalSection(SolutionProperties) = preSolution
		HideSolutionNode = FALSE
	EndGlobalSection
	GlobalSection(ExtensibilityGlobals) = postSolution
		SolutionGuid = {A15F3AA5-DFED-4EBF-870C-EFCAD64C4BF5}
	EndGlobalSection
EndGlobal
