
Microsoft Visual Studio Solution File, Format Version 12.00
# Visual Studio Version 16
VisualStudioVersion = 16.0.29020.237
MinimumVisualStudioVersion = 10.0.40219.1
Project("{FAE04EC0-301F-11D3-BF4B-00C04F79EFBC}") = "WPFAppNew", "WPFAppNew.csproj", "{BFAD8157-7DFD-453D-BB53-7F84F2D0BF9F}"
EndProject
Global
	GlobalSection(SolutionConfigurationPlatforms) = preSolution
		Debug|Any CPU = Debug|Any CPU
		Release|Any CPU = Release|Any CPU
	EndGlobalSection
	GlobalSection(ProjectConfigurationPlatforms) = postSolution
		{BFAD8157-7DFD-453D-BB53-7F84F2D0BF9F}.Debug|Any CPU.ActiveCfg = Debug|Any CPU
		{BFAD8157-7DFD-453D-BB53-7F84F2D0BF9F}.Debug|Any CPU.Build.0 = Debug|Any CPU
		{BFAD8157-7DFD-453D-BB53-7F84F2D0BF9F}.Release|Any CPU.ActiveCfg = Release|Any CPU
		{BFAD8157-7DFD-453D-BB53-7F84F2D0BF9F}.Release|Any CPU.Build.0 = Release|Any CPU
	EndGlobalSection
	GlobalSection(SolutionProperties) = preSolution
		HideSolutionNode = FALSE
	EndGlobalSection
	GlobalSection(ExtensibilityGlobals) = postSolution
		SolutionGuid = {422E1A2B-7AD8-4421-BECF-AFB408940FA6}
	EndGlobalSection
EndGlobal
