
Microsoft Visual Studio Solution File, Format Version 12.00
# Visual Studio Version 16
VisualStudioVersion = 16.0.29020.237
MinimumVisualStudioVersion = 10.0.40219.1
Project("{FAE04EC0-301F-11D3-BF4B-00C04F79EFBC}") = "SistemaDeCarro", "SistemaDeCarro.csproj", "{A8AA6B4C-8EF3-4A40-B43F-4AC9CDD59AEC}"
EndProject
Global
	GlobalSection(SolutionConfigurationPlatforms) = preSolution
		Debug|Any CPU = Debug|Any CPU
		Release|Any CPU = Release|Any CPU
	EndGlobalSection
	GlobalSection(ProjectConfigurationPlatforms) = postSolution
		{A8AA6B4C-8EF3-4A40-B43F-4AC9CDD59AEC}.Debug|Any CPU.ActiveCfg = Debug|Any CPU
		{A8AA6B4C-8EF3-4A40-B43F-4AC9CDD59AEC}.Debug|Any CPU.Build.0 = Debug|Any CPU
		{A8AA6B4C-8EF3-4A40-B43F-4AC9CDD59AEC}.Release|Any CPU.ActiveCfg = Release|Any CPU
		{A8AA6B4C-8EF3-4A40-B43F-4AC9CDD59AEC}.Release|Any CPU.Build.0 = Release|Any CPU
	EndGlobalSection
	GlobalSection(SolutionProperties) = preSolution
		HideSolutionNode = FALSE
	EndGlobalSection
	GlobalSection(ExtensibilityGlobals) = postSolution
		SolutionGuid = {FEDC79F1-604B-4D4B-86C7-38BEDB3DA3D1}
	EndGlobalSection
EndGlobal
