
Microsoft Visual Studio Solution File, Format Version 12.00
# Visual Studio Version 16
VisualStudioVersion = 16.0.29020.237
MinimumVisualStudioVersion = 10.0.40219.1
Project("{FAE04EC0-301F-11D3-BF4B-00C04F79EFBC}") = "CadastroDeLanches", "CadastroDeLanches.csproj", "{8138986B-5AB9-415B-AA00-D5299C82BEE5}"
EndProject
Global
	GlobalSection(SolutionConfigurationPlatforms) = preSolution
		Debug|Any CPU = Debug|Any CPU
		Release|Any CPU = Release|Any CPU
	EndGlobalSection
	GlobalSection(ProjectConfigurationPlatforms) = postSolution
		{8138986B-5AB9-415B-AA00-D5299C82BEE5}.Debug|Any CPU.ActiveCfg = Debug|Any CPU
		{8138986B-5AB9-415B-AA00-D5299C82BEE5}.Debug|Any CPU.Build.0 = Debug|Any CPU
		{8138986B-5AB9-415B-AA00-D5299C82BEE5}.Release|Any CPU.ActiveCfg = Release|Any CPU
		{8138986B-5AB9-415B-AA00-D5299C82BEE5}.Release|Any CPU.Build.0 = Release|Any CPU
	EndGlobalSection
	GlobalSection(SolutionProperties) = preSolution
		HideSolutionNode = FALSE
	EndGlobalSection
	GlobalSection(ExtensibilityGlobals) = postSolution
		SolutionGuid = {49166FFF-2BD6-4BEA-B25E-1B0848F0B83A}
	EndGlobalSection
EndGlobal
