
Microsoft Visual Studio Solution File, Format Version 12.00
# Visual Studio Version 16
VisualStudioVersion = 16.0.29020.237
MinimumVisualStudioVersion = 10.0.40219.1
Project("{FAE04EC0-301F-11D3-BF4B-00C04F79EFBC}") = "TabelaVisualizacaoDeValores", "TabelaVisualizacaoDeValores.csproj", "{2534399F-204C-4483-90DE-D14313951F42}"
EndProject
Global
	GlobalSection(SolutionConfigurationPlatforms) = preSolution
		Debug|Any CPU = Debug|Any CPU
		Release|Any CPU = Release|Any CPU
	EndGlobalSection
	GlobalSection(ProjectConfigurationPlatforms) = postSolution
		{2534399F-204C-4483-90DE-D14313951F42}.Debug|Any CPU.ActiveCfg = Debug|Any CPU
		{2534399F-204C-4483-90DE-D14313951F42}.Debug|Any CPU.Build.0 = Debug|Any CPU
		{2534399F-204C-4483-90DE-D14313951F42}.Release|Any CPU.ActiveCfg = Release|Any CPU
		{2534399F-204C-4483-90DE-D14313951F42}.Release|Any CPU.Build.0 = Release|Any CPU
	EndGlobalSection
	GlobalSection(SolutionProperties) = preSolution
		HideSolutionNode = FALSE
	EndGlobalSection
	GlobalSection(ExtensibilityGlobals) = postSolution
		SolutionGuid = {7479AF4D-EF06-435B-9DC4-A748A03A26C0}
	EndGlobalSection
EndGlobal
