
Microsoft Visual Studio Solution File, Format Version 12.00
# Visual Studio Version 16
VisualStudioVersion = 16.0.29020.237
MinimumVisualStudioVersion = 10.0.40219.1
Project("{FAE04EC0-301F-11D3-BF4B-00C04F79EFBC}") = "WpfAppEntity", "WpfAppEntity.csproj", "{5B1545AE-DA78-4802-94CD-B5F79ECA527A}"
EndProject
Global
	GlobalSection(SolutionConfigurationPlatforms) = preSolution
		Debug|Any CPU = Debug|Any CPU
		Release|Any CPU = Release|Any CPU
	EndGlobalSection
	GlobalSection(ProjectConfigurationPlatforms) = postSolution
		{5B1545AE-DA78-4802-94CD-B5F79ECA527A}.Debug|Any CPU.ActiveCfg = Debug|Any CPU
		{5B1545AE-DA78-4802-94CD-B5F79ECA527A}.Debug|Any CPU.Build.0 = Debug|Any CPU
		{5B1545AE-DA78-4802-94CD-B5F79ECA527A}.Release|Any CPU.ActiveCfg = Release|Any CPU
		{5B1545AE-DA78-4802-94CD-B5F79ECA527A}.Release|Any CPU.Build.0 = Release|Any CPU
	EndGlobalSection
	GlobalSection(SolutionProperties) = preSolution
		HideSolutionNode = FALSE
	EndGlobalSection
	GlobalSection(ExtensibilityGlobals) = postSolution
		SolutionGuid = {3038A379-33F0-4183-9EB5-18F077A62E84}
	EndGlobalSection
EndGlobal
