
Microsoft Visual Studio Solution File, Format Version 12.00
# Visual Studio Version 16
VisualStudioVersion = 16.0.29020.237
MinimumVisualStudioVersion = 10.0.40219.1
Project("{FAE04EC0-301F-11D3-BF4B-00C04F79EFBC}") = "Sistema de Autorização", "Sistema de Autorização.csproj", "{A30456B8-C8CC-4705-9B40-BF10FBD19B4C}"
EndProject
Global
	GlobalSection(SolutionConfigurationPlatforms) = preSolution
		Debug|Any CPU = Debug|Any CPU
		Release|Any CPU = Release|Any CPU
	EndGlobalSection
	GlobalSection(ProjectConfigurationPlatforms) = postSolution
		{A30456B8-C8CC-4705-9B40-BF10FBD19B4C}.Debug|Any CPU.ActiveCfg = Debug|Any CPU
		{A30456B8-C8CC-4705-9B40-BF10FBD19B4C}.Debug|Any CPU.Build.0 = Debug|Any CPU
		{A30456B8-C8CC-4705-9B40-BF10FBD19B4C}.Release|Any CPU.ActiveCfg = Release|Any CPU
		{A30456B8-C8CC-4705-9B40-BF10FBD19B4C}.Release|Any CPU.Build.0 = Release|Any CPU
	EndGlobalSection
	GlobalSection(SolutionProperties) = preSolution
		HideSolutionNode = FALSE
	EndGlobalSection
	GlobalSection(ExtensibilityGlobals) = postSolution
		SolutionGuid = {B657A05E-DFEC-40B6-ABC0-510AB63BA2F6}
	EndGlobalSection
EndGlobal
